
Microsoft Visual Studio Solution File, Format Version 12.00
# Visual Studio Version 17
VisualStudioVersion = 17.10.35122.118
MinimumVisualStudioVersion = 10.0.40219.1
Project("{9A19103F-16F7-4668-BE54-9A1E7A4F7556}") = "BlazorDeepDive", "BlazorDeepDive\BlazorDeepDive.csproj", "{59DA6630-1DE5-4E73-8F02-A8310DB4F20F}"
EndProject
Global
	GlobalSection(SolutionConfigurationPlatforms) = preSolution
		Debug|Any CPU = Debug|Any CPU
		Release|Any CPU = Release|Any CPU
	EndGlobalSection
	GlobalSection(ProjectConfigurationPlatforms) = postSolution
		{59DA6630-1DE5-4E73-8F02-A8310DB4F20F}.Debug|Any CPU.ActiveCfg = Debug|Any CPU
		{59DA6630-1DE5-4E73-8F02-A8310DB4F20F}.Debug|Any CPU.Build.0 = Debug|Any CPU
		{59DA6630-1DE5-4E73-8F02-A8310DB4F20F}.Release|Any CPU.ActiveCfg = Release|Any CPU
		{59DA6630-1DE5-4E73-8F02-A8310DB4F20F}.Release|Any CPU.Build.0 = Release|Any CPU
	EndGlobalSection
	GlobalSection(SolutionProperties) = preSolution
		HideSolutionNode = FALSE
	EndGlobalSection
	GlobalSection(ExtensibilityGlobals) = postSolution
		SolutionGuid = {F12E3400-F7E9-4A86-B07B-C7683BD08740}
	EndGlobalSection
EndGlobal
